
Microsoft Visual Studio Solution File, Format Version 12.00
# Visual Studio Version 17
VisualStudioVersion = 17.8.34408.163
MinimumVisualStudioVersion = 10.0.40219.1
Project("{9A19103F-16F7-4668-BE54-9A1E7A4F7556}") = "PLM_System", "PLM_System\PLM_System.csproj", "{82A8D50E-C328-4BC2-951B-2487E19E9669}"
EndProject
Project("{9A19103F-16F7-4668-BE54-9A1E7A4F7556}") = "Models_Library", "Models_Library\Models_Library.csproj", "{1625606A-1C84-4AFB-838E-CB91FEC13BD2}"
EndProject
Project("{54A90642-561A-4BB1-A94E-469ADEE60C69}") = "frontend", "Frontend\frontend.esproj", "{86A1D99F-24D6-48F6-AFCB-CE94F9A42630}"
EndProject
Project("{54A90642-561A-4BB1-A94E-469ADEE60C69}") = "TS_Frontend", "TS_Frontend\TS_Frontend.esproj", "{76A26F6C-B7C9-44E9-B6A3-8568B8A2CC7A}"
EndProject
Project("{9A19103F-16F7-4668-BE54-9A1E7A4F7556}") = "PLM_System_Entities", "PLM_System_Entities\PLM_System_Entities.csproj", "{E2D56FDF-F849-4D52-AC12-EFAB9201C76F}"
EndProject
Project("{FAE04EC0-301F-11D3-BF4B-00C04F79EFBC}") = "RabbitMQproject", "RabbitMQproject\RabbitMQproject.csproj", "{C8F31091-F4FC-4623-91F1-31535927F5CF}"
EndProject
Global
	GlobalSection(SolutionConfigurationPlatforms) = preSolution
		Debug|Any CPU = Debug|Any CPU
		Release|Any CPU = Release|Any CPU
	EndGlobalSection
	GlobalSection(ProjectConfigurationPlatforms) = postSolution
		{82A8D50E-C328-4BC2-951B-2487E19E9669}.Debug|Any CPU.ActiveCfg = Debug|Any CPU
		{82A8D50E-C328-4BC2-951B-2487E19E9669}.Debug|Any CPU.Build.0 = Debug|Any CPU
		{82A8D50E-C328-4BC2-951B-2487E19E9669}.Release|Any CPU.ActiveCfg = Release|Any CPU
		{82A8D50E-C328-4BC2-951B-2487E19E9669}.Release|Any CPU.Build.0 = Release|Any CPU
		{1625606A-1C84-4AFB-838E-CB91FEC13BD2}.Debug|Any CPU.ActiveCfg = Debug|Any CPU
		{1625606A-1C84-4AFB-838E-CB91FEC13BD2}.Debug|Any CPU.Build.0 = Debug|Any CPU
		{1625606A-1C84-4AFB-838E-CB91FEC13BD2}.Release|Any CPU.ActiveCfg = Release|Any CPU
		{1625606A-1C84-4AFB-838E-CB91FEC13BD2}.Release|Any CPU.Build.0 = Release|Any CPU
		{86A1D99F-24D6-48F6-AFCB-CE94F9A42630}.Debug|Any CPU.ActiveCfg = Debug|Any CPU
		{86A1D99F-24D6-48F6-AFCB-CE94F9A42630}.Debug|Any CPU.Build.0 = Debug|Any CPU
		{86A1D99F-24D6-48F6-AFCB-CE94F9A42630}.Debug|Any CPU.Deploy.0 = Debug|Any CPU
		{86A1D99F-24D6-48F6-AFCB-CE94F9A42630}.Release|Any CPU.ActiveCfg = Release|Any CPU
		{86A1D99F-24D6-48F6-AFCB-CE94F9A42630}.Release|Any CPU.Build.0 = Release|Any CPU
		{86A1D99F-24D6-48F6-AFCB-CE94F9A42630}.Release|Any CPU.Deploy.0 = Release|Any CPU
		{76A26F6C-B7C9-44E9-B6A3-8568B8A2CC7A}.Debug|Any CPU.ActiveCfg = Debug|Any CPU
		{76A26F6C-B7C9-44E9-B6A3-8568B8A2CC7A}.Debug|Any CPU.Build.0 = Debug|Any CPU
		{76A26F6C-B7C9-44E9-B6A3-8568B8A2CC7A}.Debug|Any CPU.Deploy.0 = Debug|Any CPU
		{76A26F6C-B7C9-44E9-B6A3-8568B8A2CC7A}.Release|Any CPU.ActiveCfg = Release|Any CPU
		{76A26F6C-B7C9-44E9-B6A3-8568B8A2CC7A}.Release|Any CPU.Build.0 = Release|Any CPU
		{76A26F6C-B7C9-44E9-B6A3-8568B8A2CC7A}.Release|Any CPU.Deploy.0 = Release|Any CPU
		{E2D56FDF-F849-4D52-AC12-EFAB9201C76F}.Debug|Any CPU.ActiveCfg = Debug|Any CPU
		{E2D56FDF-F849-4D52-AC12-EFAB9201C76F}.Debug|Any CPU.Build.0 = Debug|Any CPU
		{E2D56FDF-F849-4D52-AC12-EFAB9201C76F}.Release|Any CPU.ActiveCfg = Release|Any CPU
		{E2D56FDF-F849-4D52-AC12-EFAB9201C76F}.Release|Any CPU.Build.0 = Release|Any CPU
		{C8F31091-F4FC-4623-91F1-31535927F5CF}.Debug|Any CPU.ActiveCfg = Debug|Any CPU
		{C8F31091-F4FC-4623-91F1-31535927F5CF}.Debug|Any CPU.Build.0 = Debug|Any CPU
		{C8F31091-F4FC-4623-91F1-31535927F5CF}.Release|Any CPU.ActiveCfg = Release|Any CPU
		{C8F31091-F4FC-4623-91F1-31535927F5CF}.Release|Any CPU.Build.0 = Release|Any CPU
	EndGlobalSection
	GlobalSection(SolutionProperties) = preSolution
		HideSolutionNode = FALSE
	EndGlobalSection
	GlobalSection(ExtensibilityGlobals) = postSolution
		SolutionGuid = {6BA70C5A-A43B-4909-96CE-E65A5322D110}
	EndGlobalSection
EndGlobal
